{
    "name": "dredless",
    "version": "0.2.0",
    "lockfileVersion": 3,
    "requires": true,
    "packages": {
        "": {
            "name": "dredless",
            "version": "0.2.0",
            "dependencies": {
                "ws": "^8.18.0"
            },
            "devDependencies": {
                "dsa-shipshape": "^0.1.2"
            }
        },
        "node_modules/dsa-shipshape": {
            "version": "0.1.2",
            "resolved": "https://registry.npmjs.org/dsa-shipshape/-/dsa-shipshape-0.1.2.tgz",
            "integrity": "sha512-CGhsBRGGdbKWK4aracgq8z8xEptXu8Vt4sHixSZg3/zNYcHYzkqflgswq5pCDRf/eOMqJdO488Rk43Vfn3W6/w==",
            "dev": true,
            "license": "MIT",
            "dependencies": {
                "fflate": "^0.8.2"
            }
        },
        "node_modules/fflate": {
            "version": "0.8.3",
            "resolved": "https://registry.npmjs.org/fflate/-/fflate-0.8.3.tgz",
            "integrity": "sha512-tbZNuJrLwGUp3zshBtdy4W+ORxZuIh8a5ilyIEQDC5rY1f3U20JMry0Ll3WBzU58EZKsEuJFXhb5gwv8CsPvgA==",
            "dev": true,
            "license": "MIT"
        },
        "node_modules/ws": {
            "version": "8.20.1",
            "resolved": "https://registry.npmjs.org/ws/-/ws-8.20.1.tgz",
            "integrity": "sha512-It4dO0K5v//JtTXuPkfEOaI3uUN87iYPnqo/ZzqCoG3g8uhA66QUMs/SrM0YK7/NAu+r4LMh/9dq2A7k+rHs+w==",
            "license": "MIT",
            "engines": {
                "node": ">=10.0.0"
            },
            "peerDependencies": {
                "bufferutil": "^4.0.1",
                "utf-8-validate": ">=5.0.2"
            },
            "peerDependenciesMeta": {
                "bufferutil": {
                    "optional": true
                },
                "utf-8-validate": {
                    "optional": true
                }
            }
        }
    }
}
